# Windows development/build lock, Python 3.11. Regenerate with uv pip compile requirements-dev.txt --python-version 3.11 --python-platform x86_64-pc-windows-msvc
altgraph==0.17.5
    # via pyinstaller
colorama==0.4.6
    # via pytest
iniconfig==2.3.0
    # via pytest
packaging==26.3
    # via
    #   pyinstaller
    #   pyinstaller-hooks-contrib
    #   pytest
pefile==2024.8.26
    # via pyinstaller
pillow==12.3.0
    # via -r requirements-dev.txt
pluggy==1.6.0
    # via
    #   pytest
    #   pytest-qt
pygments==2.21.0
    # via pytest
pyinstaller==6.22.3
    # via -r requirements-dev.txt
pyinstaller-hooks-contrib==2026.7
    # via pyinstaller
pyqt6==6.11.0
    # via -r requirements.txt
pyqt6-qt6==6.11.2
    # via pyqt6
pyqt6-sip==13.12.0
    # via pyqt6
pytest==9.1.1
    # via
    #   -r requirements-dev.txt
    #   pytest-qt
pytest-qt==4.5.0
    # via -r requirements-dev.txt
pywin32-ctypes==0.2.3
    # via pyinstaller
setuptools==84.0.0
    # via pyinstaller
typing-extensions==4.16.0
    # via pytest-qt
